
Microsoft Visual Studio Solution File, Format Version 12.00
# Visual Studio Version 17
VisualStudioVersion = 17.8.34316.72
MinimumVisualStudioVersion = 10.0.40219.1
Project("{9A19103F-16F7-4668-BE54-9A1E7A4F7556}") = "AfiliacionesCirsa", "AfiliacionesCirsa\AfiliacionesCirsa.csproj", "{C350907F-B89C-4A44-9EA5-DB1A7C4519B5}"
EndProject
Global
	GlobalSection(SolutionConfigurationPlatforms) = preSolution
		Debug|Any CPU = Debug|Any CPU
		Release|Any CPU = Release|Any CPU
	EndGlobalSection
	GlobalSection(ProjectConfigurationPlatforms) = postSolution
		{C350907F-B89C-4A44-9EA5-DB1A7C4519B5}.Debug|Any CPU.ActiveCfg = Debug|Any CPU
		{C350907F-B89C-4A44-9EA5-DB1A7C4519B5}.Debug|Any CPU.Build.0 = Debug|Any CPU
		{C350907F-B89C-4A44-9EA5-DB1A7C4519B5}.Release|Any CPU.ActiveCfg = Release|Any CPU
		{C350907F-B89C-4A44-9EA5-DB1A7C4519B5}.Release|Any CPU.Build.0 = Release|Any CPU
	EndGlobalSection
	GlobalSection(SolutionProperties) = preSolution
		HideSolutionNode = FALSE
	EndGlobalSection
	GlobalSection(ExtensibilityGlobals) = postSolution
		SolutionGuid = {06086F98-C77F-421D-90C5-81B3F66EDBC0}
	EndGlobalSection
EndGlobal
